
Microsoft Visual Studio Solution File, Format Version 12.00
# Visual Studio Version 17
VisualStudioVersion = 17.1.32210.238
MinimumVisualStudioVersion = 10.0.40219.1
Project("{FAE04EC0-301F-11D3-BF4B-00C04F79EFBC}") = "Thuc_Tap_week_1", "Thuc_Tap_week_1\Thuc_Tap_week_1.csproj", "{F16324B5-CE56-4A42-8B22-10F0F195BF8F}"
EndProject
Global
	GlobalSection(SolutionConfigurationPlatforms) = preSolution
		Debug|Any CPU = Debug|Any CPU
		Release|Any CPU = Release|Any CPU
	EndGlobalSection
	GlobalSection(ProjectConfigurationPlatforms) = postSolution
		{F16324B5-CE56-4A42-8B22-10F0F195BF8F}.Debug|Any CPU.ActiveCfg = Debug|Any CPU
		{F16324B5-CE56-4A42-8B22-10F0F195BF8F}.Debug|Any CPU.Build.0 = Debug|Any CPU
		{F16324B5-CE56-4A42-8B22-10F0F195BF8F}.Release|Any CPU.ActiveCfg = Release|Any CPU
		{F16324B5-CE56-4A42-8B22-10F0F195BF8F}.Release|Any CPU.Build.0 = Release|Any CPU
	EndGlobalSection
	GlobalSection(SolutionProperties) = preSolution
		HideSolutionNode = FALSE
	EndGlobalSection
	GlobalSection(ExtensibilityGlobals) = postSolution
		SolutionGuid = {BD2ABC97-33E6-468D-9BDE-66FD6F61FB01}
	EndGlobalSection
EndGlobal
